<?xml version="1.0" encoding="utf-8"?>
<Project ToolsVersion="4.0" xmlns="http://schemas.microsoft.com/developer/msbuild/2003">
  <ItemGroup>
    <Filter Include="Source Files">
      <UniqueIdentifier>{4FC737F1-C7A5-4376-A066-2A32D752A2FF}</UniqueIdentifier>
      <Extensions>cpp;c;cc;cxx;def;odl;idl;hpj;bat;asm;asmx</Extensions>
    </Filter>
    <Filter Include="Header Files">
      <UniqueIdentifier>{93995380-89BD-4b04-88EB-625FBE52EBFB}</UniqueIdentifier>
      <Extensions>h;hh;hpp;hxx;hm;inl;inc;ipp;xsd</Extensions>
    </Filter>
    <Filter Include="Resource Files">
      <UniqueIdentifier>{67DA6AB6-F800-4c08-8B7A-83BB121AAD01}</UniqueIdentifier>
      <Extensions>rc;ico;cur;bmp;dlg;rc2;rct;bin;rgs;gif;jpg;jpeg;jpe;resx;tiff;tif;png;wav;mfcribbon-ms</Extensions>
    </Filter>
  </ItemGroup>
  <ItemGroup>
    <ClCompile Include="ThorAOControlSDK_WinConsole_Demo.cpp">
      <Filter>Source Files</Filter>
    </ClCompile>
    <ClCompile Include="TestFunctions.cpp">
      <Filter>Source Files</Filter>
    </ClCompile>
    <ClCompile Include="ModuleAndDeviceExample.cpp">
      <Filter>Source Files</Filter>
    </ClCompile>
    <ClCompile Include="Thorlabs_WavefrontSensor_Example.cpp">
      <Filter>Source Files</Filter>
    </ClCompile>
    <ClCompile Include="Thorlabs_DMP40_DeformableMirror_Example.cpp">
      <Filter>Source Files</Filter>
    </ClCompile>
    <ClCompile Include="WooferTweeter_LagrangeBased_Example.cpp">
      <Filter>Source Files</Filter>
    </ClCompile>
    <ClCompile Include="DataAndFileOperationExample.cpp">
      <Filter>Source Files</Filter>
    </ClCompile>
    <ClCompile Include="BMC_DeformableMirror_Example.cpp">
      <Filter>Source Files</Filter>
    </ClCompile>
    <ClCompile Include="ExecuteDeviceFactoryApiFunctionExample.cpp">
      <Filter>Source Files</Filter>
    </ClCompile>
    <ClCompile Include="Plotar_Linha.cpp">
      <Filter>Source Files</Filter>
    </ClCompile>
    <ClCompile Include="mascara.cpp">
      <Filter>Source Files</Filter>
    </ClCompile>
    <ClCompile Include="LoopMascara.cpp">
      <Filter>Source Files</Filter>
    </ClCompile>
    <ClCompile Include="WFS_SensorOnly.cpp">
      <Filter>Source Files</Filter>
    </ClCompile>
    <ClCompile Include="WFS_DMP40_ClosedLoop.cpp">
      <Filter>Source Files</Filter>
    </ClCompile>
    <ClCompile Include="DM40_Test.cpp">
      <Filter>Source Files</Filter>
    </ClCompile>
    <ClCompile Include="LoopMascara_BMC.cpp">
      <Filter>Source Files</Filter>
    </ClCompile>
    <ClCompile Include="WFS_DMP40_ClosedLoop_ANSI.cpp">
      <Filter>Source Files</Filter>
    </ClCompile>
  </ItemGroup>
  <ItemGroup>
    <ClInclude Include="TestFunctions.h">
      <Filter>Header Files</Filter>
    </ClInclude>
    <ClCompile Include="WFS_DMP40_ClosedLoop_Entry.cpp">
      <Filter>Source Files</Filter>
    </ClCompile>
    <ClCompile Include="WFS_DMP40_ClosedLoop_Toggle.cpp">
      <Filter>Source Files</Filter>
    </ClCompile>
  </ItemGroup>
</Project>